
Microsoft Visual Studio Solution File, Format Version 12.00
# Visual Studio Version 17
VisualStudioVersion = 17.7.34031.279
MinimumVisualStudioVersion = 10.0.40219.1
Project("{2150E333-8FDC-42A3-9474-1A3956D46DE8}") = "src", "src", "{608B52BB-302A-4C65-8248-9902236F5CC1}"
EndProject
Project("{FAE04EC0-301F-11D3-BF4B-00C04F79EFBC}") = "Ecom.Core", "src\Ecom.Core\Ecom.Core.csproj", "{BCE024A5-6BF2-4923-A1C8-B9B14E3F6EC1}"
EndProject
Project("{FAE04EC0-301F-11D3-BF4B-00C04F79EFBC}") = "Ecom.Infrastructure", "src\Infrastructure\Ecom.Infrastructure.csproj", "{1D18E306-1F2B-4146-97DF-CC3163AA6FD8}"
EndProject
Project("{FAE04EC0-301F-11D3-BF4B-00C04F79EFBC}") = "API", "src\API\API.csproj", "{2A7F7C79-5D09-46AF-8075-6B50A70DA7FE}"
EndProject
Global
	GlobalSection(SolutionConfigurationPlatforms) = preSolution
		Debug|Any CPU = Debug|Any CPU
		Release|Any CPU = Release|Any CPU
	EndGlobalSection
	GlobalSection(ProjectConfigurationPlatforms) = postSolution
		{BCE024A5-6BF2-4923-A1C8-B9B14E3F6EC1}.Debug|Any CPU.ActiveCfg = Debug|Any CPU
		{BCE024A5-6BF2-4923-A1C8-B9B14E3F6EC1}.Debug|Any CPU.Build.0 = Debug|Any CPU
		{BCE024A5-6BF2-4923-A1C8-B9B14E3F6EC1}.Release|Any CPU.ActiveCfg = Release|Any CPU
		{BCE024A5-6BF2-4923-A1C8-B9B14E3F6EC1}.Release|Any CPU.Build.0 = Release|Any CPU
		{1D18E306-1F2B-4146-97DF-CC3163AA6FD8}.Debug|Any CPU.ActiveCfg = Debug|Any CPU
		{1D18E306-1F2B-4146-97DF-CC3163AA6FD8}.Debug|Any CPU.Build.0 = Debug|Any CPU
		{1D18E306-1F2B-4146-97DF-CC3163AA6FD8}.Release|Any CPU.ActiveCfg = Release|Any CPU
		{1D18E306-1F2B-4146-97DF-CC3163AA6FD8}.Release|Any CPU.Build.0 = Release|Any CPU
		{2A7F7C79-5D09-46AF-8075-6B50A70DA7FE}.Debug|Any CPU.ActiveCfg = Debug|Any CPU
		{2A7F7C79-5D09-46AF-8075-6B50A70DA7FE}.Debug|Any CPU.Build.0 = Debug|Any CPU
		{2A7F7C79-5D09-46AF-8075-6B50A70DA7FE}.Release|Any CPU.ActiveCfg = Release|Any CPU
		{2A7F7C79-5D09-46AF-8075-6B50A70DA7FE}.Release|Any CPU.Build.0 = Release|Any CPU
	EndGlobalSection
	GlobalSection(SolutionProperties) = preSolution
		HideSolutionNode = FALSE
	EndGlobalSection
	GlobalSection(NestedProjects) = preSolution
		{BCE024A5-6BF2-4923-A1C8-B9B14E3F6EC1} = {608B52BB-302A-4C65-8248-9902236F5CC1}
		{1D18E306-1F2B-4146-97DF-CC3163AA6FD8} = {608B52BB-302A-4C65-8248-9902236F5CC1}
		{2A7F7C79-5D09-46AF-8075-6B50A70DA7FE} = {608B52BB-302A-4C65-8248-9902236F5CC1}
	EndGlobalSection
	GlobalSection(ExtensibilityGlobals) = postSolution
		SolutionGuid = {2C3BDEE3-4D04-4E0C-97C7-0D435088C8DC}
	EndGlobalSection
EndGlobal
